
Microsoft Visual Studio Solution File, Format Version 12.00
# Visual Studio Version 17
VisualStudioVersion = 17.13.35913.81 d17.13
MinimumVisualStudioVersion = 10.0.40219.1
Project("{FAE04EC0-301F-11D3-BF4B-00C04F79EFBC}") = "WebApplication1", "WebApplication1.csproj", "{0D4C4437-52FC-4387-B790-C4BCBF41FCC1}"
EndProject
Global
	GlobalSection(SolutionConfigurationPlatforms) = preSolution
		Debug|Any CPU = Debug|Any CPU
		Release|Any CPU = Release|Any CPU
	EndGlobalSection
	GlobalSection(ProjectConfigurationPlatforms) = postSolution
		{0D4C4437-52FC-4387-B790-C4BCBF41FCC1}.Debug|Any CPU.ActiveCfg = Debug|Any CPU
		{0D4C4437-52FC-4387-B790-C4BCBF41FCC1}.Debug|Any CPU.Build.0 = Debug|Any CPU
		{0D4C4437-52FC-4387-B790-C4BCBF41FCC1}.Release|Any CPU.ActiveCfg = Release|Any CPU
		{0D4C4437-52FC-4387-B790-C4BCBF41FCC1}.Release|Any CPU.Build.0 = Release|Any CPU
	EndGlobalSection
	GlobalSection(SolutionProperties) = preSolution
		HideSolutionNode = FALSE
	EndGlobalSection
	GlobalSection(ExtensibilityGlobals) = postSolution
		SolutionGuid = {2BA430F8-92C7-4DEB-9F41-62D4B7421FA5}
	EndGlobalSection
EndGlobal
